
Microsoft Visual Studio Solution File, Format Version 12.00
# Visual Studio Version 17
VisualStudioVersion = 17.3.32929.385
MinimumVisualStudioVersion = 10.0.40219.1
Project("{2150E333-8FDC-42A3-9474-1A3956D46DE8}") = "AssetManagement.Services", "AssetManagement.Services", "{F047A0AE-21E0-412D-B77A-DA255A7703F5}"
EndProject
Project("{FAE04EC0-301F-11D3-BF4B-00C04F79EFBC}") = "AssentManagementProject", "AssentManagementProject\AssentManagementProject.csproj", "{E0F61C4E-998A-4AF2-BDF9-E761A3A5BD05}"
EndProject
Project("{2150E333-8FDC-42A3-9474-1A3956D46DE8}") = "AssetManagement", "AssetManagement", "{712FE8F4-6F73-4D52-BEF5-DF68A9B2EF45}"
EndProject
Project("{FAE04EC0-301F-11D3-BF4B-00C04F79EFBC}") = "AssentManagementBusinessLogic", "AssentManagementBusinessLogic\AssentManagementBusinessLogic.csproj", "{193435CF-17BF-446E-89E0-6B7EBB9869F9}"
EndProject
Project("{FAE04EC0-301F-11D3-BF4B-00C04F79EFBC}") = "AssentManagementBusinessObject", "AssentManagementBusinessObject\AssentManagementBusinessObject.csproj", "{AD90B562-EC6F-4DD1-B633-92C5F97C05F5}"
EndProject
Project("{FAE04EC0-301F-11D3-BF4B-00C04F79EFBC}") = "AssetManagementRepository", "AssentManagementRepository\AssetManagementRepository.csproj", "{C9577A5E-849C-4A08-AD4F-081758ED3508}"
EndProject
Global
	GlobalSection(SolutionConfigurationPlatforms) = preSolution
		Debug|Any CPU = Debug|Any CPU
		Release|Any CPU = Release|Any CPU
	EndGlobalSection
	GlobalSection(ProjectConfigurationPlatforms) = postSolution
		{E0F61C4E-998A-4AF2-BDF9-E761A3A5BD05}.Debug|Any CPU.ActiveCfg = Debug|Any CPU
		{E0F61C4E-998A-4AF2-BDF9-E761A3A5BD05}.Debug|Any CPU.Build.0 = Debug|Any CPU
		{E0F61C4E-998A-4AF2-BDF9-E761A3A5BD05}.Release|Any CPU.ActiveCfg = Release|Any CPU
		{E0F61C4E-998A-4AF2-BDF9-E761A3A5BD05}.Release|Any CPU.Build.0 = Release|Any CPU
		{193435CF-17BF-446E-89E0-6B7EBB9869F9}.Debug|Any CPU.ActiveCfg = Debug|Any CPU
		{193435CF-17BF-446E-89E0-6B7EBB9869F9}.Debug|Any CPU.Build.0 = Debug|Any CPU
		{193435CF-17BF-446E-89E0-6B7EBB9869F9}.Release|Any CPU.ActiveCfg = Release|Any CPU
		{193435CF-17BF-446E-89E0-6B7EBB9869F9}.Release|Any CPU.Build.0 = Release|Any CPU
		{AD90B562-EC6F-4DD1-B633-92C5F97C05F5}.Debug|Any CPU.ActiveCfg = Debug|Any CPU
		{AD90B562-EC6F-4DD1-B633-92C5F97C05F5}.Debug|Any CPU.Build.0 = Debug|Any CPU
		{AD90B562-EC6F-4DD1-B633-92C5F97C05F5}.Release|Any CPU.ActiveCfg = Release|Any CPU
		{AD90B562-EC6F-4DD1-B633-92C5F97C05F5}.Release|Any CPU.Build.0 = Release|Any CPU
		{C9577A5E-849C-4A08-AD4F-081758ED3508}.Debug|Any CPU.ActiveCfg = Debug|Any CPU
		{C9577A5E-849C-4A08-AD4F-081758ED3508}.Debug|Any CPU.Build.0 = Debug|Any CPU
		{C9577A5E-849C-4A08-AD4F-081758ED3508}.Release|Any CPU.ActiveCfg = Release|Any CPU
		{C9577A5E-849C-4A08-AD4F-081758ED3508}.Release|Any CPU.Build.0 = Release|Any CPU
	EndGlobalSection
	GlobalSection(SolutionProperties) = preSolution
		HideSolutionNode = FALSE
	EndGlobalSection
	GlobalSection(NestedProjects) = preSolution
		{F047A0AE-21E0-412D-B77A-DA255A7703F5} = {712FE8F4-6F73-4D52-BEF5-DF68A9B2EF45}
		{E0F61C4E-998A-4AF2-BDF9-E761A3A5BD05} = {F047A0AE-21E0-412D-B77A-DA255A7703F5}
		{193435CF-17BF-446E-89E0-6B7EBB9869F9} = {F047A0AE-21E0-412D-B77A-DA255A7703F5}
		{AD90B562-EC6F-4DD1-B633-92C5F97C05F5} = {F047A0AE-21E0-412D-B77A-DA255A7703F5}
		{C9577A5E-849C-4A08-AD4F-081758ED3508} = {F047A0AE-21E0-412D-B77A-DA255A7703F5}
	EndGlobalSection
	GlobalSection(ExtensibilityGlobals) = postSolution
		SolutionGuid = {CD593CA4-63AA-4F41-80EC-947E1C59C942}
	EndGlobalSection
EndGlobal
